{
  "version": 4,
  "terraform_version": "0.12.7",
  "serial": 25,
  "lineage": "c8849660-d09d-d22f-f8aa-0d9b19b00c60",
  "outputs": {},
  "resources": [
    {
      "mode": "managed",
      "type": "docker_container",
      "name": "blog_container",
      "provider": "provider.docker",
      "instances": [
        {
          "schema_version": 1,
          "attributes": {
            "attach": false,
            "bridge": "",
            "capabilities": [],
            "command": null,
            "container_logs": null,
            "cpu_set": null,
            "cpu_shares": null,
            "destroy_grace_seconds": null,
            "devices": [],
            "dns": null,
            "dns_opts": null,
            "dns_search": null,
            "domainname": null,
            "entrypoint": null,
            "env": [
              "database__client=mysql",
              "database__connection__database=ghost",
              "database__connection__host=db",
              "database__connection__password=P4sSw0rd0!",
              "database__connection__user=root"
            ],
            "exit_code": null,
            "gateway": "172.21.0.1",
            "group_add": null,
            "healthcheck": [],
            "host": [],
            "hostname": null,
            "id": "1e4398e9be1b0ba72743c25ca20b695eca1d0d3431578b9299b78e39f095327b",
            "image": "ghost:alpine",
            "ip_address": "172.21.0.3",
            "ip_prefix_length": 16,
            "ipc_mode": null,
            "labels": null,
            "links": null,
            "log_driver": "json-file",
            "log_opts": null,
            "logs": false,
            "max_retry_count": null,
            "memory": null,
            "memory_swap": null,
            "mounts": [],
            "must_run": true,
            "name": "ghost_blog",
            "network_alias": null,
            "network_data": [
              {
                "gateway": "172.21.0.1",
                "ip_address": "172.21.0.3",
                "ip_prefix_length": 16,
                "network_name": "ghost_mysql_internal"
              },
              {
                "gateway": "172.20.0.1",
                "ip_address": "172.20.0.2",
                "ip_prefix_length": 16,
                "network_name": "public_ghost_network"
              }
            ],
            "network_mode": null,
            "networks": null,
            "networks_advanced": [
              {
                "aliases": [
                  "ghost"
                ],
                "ipv4_address": "",
                "ipv6_address": "",
                "name": "ghost_mysql_internal"
              },
              {
                "aliases": [
                  "ghost"
                ],
                "ipv4_address": "",
                "ipv6_address": "",
                "name": "public_ghost_network"
              }
            ],
            "pid_mode": null,
            "ports": [
              {
                "external": 8082,
                "internal": 2368,
                "ip": "0.0.0.0",
                "protocol": "tcp"
              }
            ],
            "privileged": null,
            "publish_all_ports": null,
            "restart": "no",
            "rm": false,
            "shm_size": null,
            "start": true,
            "sysctls": null,
            "tmpfs": null,
            "ulimit": [],
            "upload": [],
            "user": null,
            "userns_mode": null,
            "volumes": [],
            "working_dir": null
          },
          "private": "eyJzY2hlbWFfdmVyc2lvbiI6IjEifQ==",
          "depends_on": [
            "docker_container.mysql_container",
            "docker_image.ghost_image",
            "docker_network.private_bridge_network",
            "docker_network.public_bridge_network",
            "null_resource.sleep"
          ]
        }
      ]
    },
    {
      "mode": "managed",
      "type": "docker_container",
      "name": "mysql_container",
      "provider": "provider.docker",
      "instances": [
        {
          "schema_version": 1,
          "attributes": {
            "attach": false,
            "bridge": "",
            "capabilities": [],
            "command": null,
            "container_logs": null,
            "cpu_set": null,
            "cpu_shares": null,
            "destroy_grace_seconds": null,
            "devices": [],
            "dns": null,
            "dns_opts": null,
            "dns_search": null,
            "domainname": null,
            "entrypoint": null,
            "env": [
              "MYSQL_ROOT_PASSWORD=P4sSw0rd0!"
            ],
            "exit_code": null,
            "gateway": "172.21.0.1",
            "group_add": null,
            "healthcheck": [],
            "host": [],
            "hostname": null,
            "id": "05bd2b1db61f02ad79f40a89874e3350348750564505c884c975fe55046483b9",
            "image": "mysql:5.7",
            "ip_address": "172.21.0.2",
            "ip_prefix_length": 16,
            "ipc_mode": null,
            "labels": null,
            "links": null,
            "log_driver": "json-file",
            "log_opts": null,
            "logs": false,
            "max_retry_count": null,
            "memory": null,
            "memory_swap": null,
            "mounts": [],
            "must_run": true,
            "name": "ghost_database",
            "network_alias": null,
            "network_data": [
              {
                "gateway": "172.21.0.1",
                "ip_address": "172.21.0.2",
                "ip_prefix_length": 16,
                "network_name": "ghost_mysql_internal"
              }
            ],
            "network_mode": null,
            "networks": null,
            "networks_advanced": [
              {
                "aliases": [
                  "db"
                ],
                "ipv4_address": "",
                "ipv6_address": "",
                "name": "ghost_mysql_internal"
              }
            ],
            "pid_mode": null,
            "ports": [],
            "privileged": null,
            "publish_all_ports": null,
            "restart": "no",
            "rm": false,
            "shm_size": null,
            "start": true,
            "sysctls": null,
            "tmpfs": null,
            "ulimit": [],
            "upload": [],
            "user": null,
            "userns_mode": null,
            "volumes": [
              {
                "container_path": "/var/lib/mysql",
                "from_container": "",
                "host_path": "",
                "read_only": null,
                "volume_name": "mysql_data"
              }
            ],
            "working_dir": null
          },
          "private": "eyJzY2hlbWFfdmVyc2lvbiI6IjEifQ==",
          "depends_on": [
            "docker_image.mysql_image",
            "docker_network.private_bridge_network",
            "docker_volume.mysql_data_volume"
          ]
        }
      ]
    },
    {
      "mode": "managed",
      "type": "docker_image",
      "name": "ghost_image",
      "provider": "provider.docker",
      "instances": [
        {
          "schema_version": 0,
          "attributes": {
            "id": "sha256:062bf441c98ae49bfd188de361c432e1a0ec4cf4cb15a27f086d15c7858b1f0dghost:alpine",
            "keep_locally": null,
            "latest": "sha256:062bf441c98ae49bfd188de361c432e1a0ec4cf4cb15a27f086d15c7858b1f0d",
            "name": "ghost:alpine",
            "pull_trigger": null,
            "pull_triggers": null
          },
          "private": "bnVsbA=="
        }
      ]
    },
    {
      "mode": "managed",
      "type": "docker_image",
      "name": "mysql_image",
      "provider": "provider.docker",
      "instances": [
        {
          "schema_version": 0,
          "attributes": {
            "id": "sha256:cd3ed0dfff7e89f4330db6eaca2a127423df03be229d04a7e9f614fb0849121fmysql:5.7",
            "keep_locally": null,
            "latest": "sha256:cd3ed0dfff7e89f4330db6eaca2a127423df03be229d04a7e9f614fb0849121f",
            "name": "mysql:5.7",
            "pull_trigger": null,
            "pull_triggers": null
          },
          "private": "bnVsbA=="
        }
      ]
    },
    {
      "mode": "managed",
      "type": "docker_network",
      "name": "private_bridge_network",
      "provider": "provider.docker",
      "instances": [
        {
          "schema_version": 0,
          "attributes": {
            "attachable": false,
            "check_duplicate": null,
            "driver": "bridge",
            "id": "ed207d85d6c1bdd8992850214a0d1315967cf94d8462ac258971fb576031feb8",
            "ingress": false,
            "internal": true,
            "ipam_config": [],
            "ipam_driver": null,
            "ipv6": false,
            "labels": null,
            "name": "ghost_mysql_internal",
            "options": {},
            "scope": "local"
          },
          "private": "bnVsbA=="
        }
      ]
    },
    {
      "mode": "managed",
      "type": "docker_network",
      "name": "public_bridge_network",
      "provider": "provider.docker",
      "instances": [
        {
          "schema_version": 0,
          "attributes": {
            "attachable": false,
            "check_duplicate": null,
            "driver": "bridge",
            "id": "f550257fa9e2a0e4251951a46c357f5c9bbd94448c85e446071709adbb30dbc7",
            "ingress": false,
            "internal": false,
            "ipam_config": [],
            "ipam_driver": null,
            "ipv6": false,
            "labels": null,
            "name": "public_ghost_network",
            "options": {},
            "scope": "local"
          },
          "private": "bnVsbA=="
        }
      ]
    },
    {
      "mode": "managed",
      "type": "docker_volume",
      "name": "mysql_data_volume",
      "provider": "provider.docker",
      "instances": [
        {
          "schema_version": 0,
          "attributes": {
            "driver": "local",
            "driver_opts": null,
            "id": "mysql_data",
            "labels": null,
            "mountpoint": "/var/lib/docker/volumes/mysql_data/_data",
            "name": "mysql_data"
          },
          "private": "bnVsbA=="
        }
      ]
    },
    {
      "mode": "managed",
      "type": "null_resource",
      "name": "sleep",
      "provider": "provider.null",
      "instances": [
        {
          "schema_version": 0,
          "attributes": {
            "id": "2949980391062886579",
            "triggers": null
          },
          "private": "bnVsbA==",
          "depends_on": [
            "docker_container.mysql_container"
          ]
        }
      ]
    }
  ]
}
